// !$*UTF8*$!
{
	archiveVersion = 1;
	classes = {
	};
	objectVersion = 50;
	objects = {

/* Begin PBXBuildFile section */
		30C40D7526D371F500EC382E /* AppDelegate.swift in Sources */ = {isa = PBXBuildFile; fileRef = 30C40D7426D371F500EC382E /* AppDelegate.swift */; };
		30C40D7726D371F500EC382E /* SceneDelegate.swift in Sources */ = {isa = PBXBuildFile; fileRef = 30C40D7626D371F500EC382E /* SceneDelegate.swift */; };
		30C40D7926D371F500EC382E /* ViewController.swift in Sources */ = {isa = PBXBuildFile; fileRef = 30C40D7826D371F500EC382E /* ViewController.swift */; };
		30C40D7C26D371F500EC382E /* Main.storyboard in Resources */ = {isa = PBXBuildFile; fileRef = 30C40D7A26D371F500EC382E /* Main.storyboard */; };
		30C40D7E26D371F500EC382E /* Assets.xcassets in Resources */ = {isa = PBXBuildFile; fileRef = 30C40D7D26D371F500EC382E /* Assets.xcassets */; };
		30C40D8126D371F500EC382E /* LaunchScreen.storyboard in Resources */ = {isa = PBXBuildFile; fileRef = 30C40D7F26D371F500EC382E /* LaunchScreen.storyboard */; };
		30C40D8C26D371F600EC382E /* SearchableSpinnerTests.swift in Sources */ = {isa = PBXBuildFile; fileRef = 30C40D8B26D371F600EC382E /* SearchableSpinnerTests.swift */; };
		30C40D9726D371F600EC382E /* SearchableSpinnerUITests.swift in Sources */ = {isa = PBXBuildFile; fileRef = 30C40D9626D371F600EC382E /* SearchableSpinnerUITests.swift */; };
/* End PBXBuildFile section */

/* Begin PBXContainerItemProxy section */
		30C40D8826D371F600EC382E /* PBXContainerItemProxy */ = {
			isa = PBXContainerItemProxy;
			containerPortal = 30C40D6926D371F500EC382E /* Project object */;
			proxyType = 1;
			remoteGlobalIDString = 30C40D7026D371F500EC382E;
			remoteInfo = SearchableSpinner;
		};
		30C40D9326D371F600EC382E /* PBXContainerItemProxy */ = {
			isa = PBXContainerItemProxy;
			containerPortal = 30C40D6926D371F500EC382E /* Project object */;
			proxyType = 1;
			remoteGlobalIDString = 30C40D7026D371F500EC382E;
			remoteInfo = SearchableSpinner;
		};
/* End PBXContainerItemProxy section */

/* Begin PBXFileReference section */
		30C40D7126D371F500EC382E /* SearchableSpinner.app */ = {isa = PBXFileReference; explicitFileType = wrapper.application; includeInIndex = 0; path = SearchableSpinner.app; sourceTree = BUILT_PRODUCTS_DIR; };
		30C40D7426D371F500EC382E /* AppDelegate.swift */ = {isa = PBXFileReference; lastKnownFileType = sourcecode.swift; path = AppDelegate.swift; sourceTree = "<group>"; };
		30C40D7626D371F500EC382E /* SceneDelegate.swift */ = {isa = PBXFileReference; lastKnownFileType = sourcecode.swift; path = SceneDelegate.swift; sourceTree = "<group>"; };
		30C40D7826D371F500EC382E /* ViewController.swift */ = {isa = PBXFileReference; lastKnownFileType = sourcecode.swift; path = ViewController.swift; sourceTree = "<group>"; };
		30C40D7B26D371F500EC382E /* Base */ = {isa = PBXFileReference; lastKnownFileType = file.storyboard; name = Base; path = Base.lproj/Main.storyboard; sourceTree = "<group>"; };
		30C40D7D26D371F500EC382E /* Assets.xcassets */ = {isa = PBXFileReference; lastKnownFileType = folder.assetcatalog; path = Assets.xcassets; sourceTree = "<group>"; };
		30C40D8026D371F500EC382E /* Base */ = {isa = PBXFileReference; lastKnownFileType = file.storyboard; name = Base; path = Base.lproj/LaunchScreen.storyboard; sourceTree = "<group>"; };
		30C40D8226D371F600EC382E /* Info.plist */ = {isa = PBXFileReference; lastKnownFileType = text.plist.xml; path = Info.plist; sourceTree = "<group>"; };
		30C40D8726D371F600EC382E /* SearchableSpinnerTests.xctest */ = {isa = PBXFileReference; explicitFileType = wrapper.cfbundle; includeInIndex = 0; path = SearchableSpinnerTests.xctest; sourceTree = BUILT_PRODUCTS_DIR; };
		30C40D8B26D371F600EC382E /* SearchableSpinnerTests.swift */ = {isa = PBXFileReference; lastKnownFileType = sourcecode.swift; path = SearchableSpinnerTests.swift; sourceTree = "<group>"; };
		30C40D8D26D371F600EC382E /* Info.plist */ = {isa = PBXFileReference; lastKnownFileType = text.plist.xml; path = Info.plist; sourceTree = "<group>"; };
		30C40D9226D371F600EC382E /* SearchableSpinnerUITests.xctest */ = {isa = PBXFileReference; explicitFileType = wrapper.cfbundle; includeInIndex = 0; path = SearchableSpinnerUITests.xctest; sourceTree = BUILT_PRODUCTS_DIR; };
		30C40D9626D371F600EC382E /* SearchableSpinnerUITests.swift */ = {isa = PBXFileReference; lastKnownFileType = sourcecode.swift; path = SearchableSpinnerUITests.swift; sourceTree = "<group>"; };
		30C40D9826D371F600EC382E /* Info.plist */ = {isa = PBXFileReference; lastKnownFileType = text.plist.xml; path = Info.plist; sourceTree = "<group>"; };
/* End PBXFileReference section */

/* Begin PBXFrameworksBuildPhase section */
		30C40D6E26D371F500EC382E /* Frameworks */ = {
			isa = PBXFrameworksBuildPhase;
			buildActionMask = 2147483647;
			files = (
			);
			runOnlyForDeploymentPostprocessing = 0;
		};
		30C40D8426D371F600EC382E /* Frameworks */ = {
			isa = PBXFrameworksBuildPhase;
			buildActionMask = 2147483647;
			files = (
			);
			runOnlyForDeploymentPostprocessing = 0;
		};
		30C40D8F26D371F600EC382E /* Frameworks */ = {
			isa = PBXFrameworksBuildPhase;
			buildActionMask = 2147483647;
			files = (
			);
			runOnlyForDeploymentPostprocessing = 0;
		};
/* End PBXFrameworksBuildPhase section */

/* Begin PBXGroup section */
		30C40D6826D371F500EC382E = {
			isa = PBXGroup;
			children = (
				30C40D7326D371F500EC382E /* SearchableSpinner */,
				30C40D8A26D371F600EC382E /* SearchableSpinnerTests */,
				30C40D9526D371F600EC382E /* SearchableSpinnerUITests */,
				30C40D7226D371F500EC382E /* Products */,
			);
			sourceTree = "<group>";
		};
		30C40D7226D371F500EC382E /* Products */ = {
			isa = PBXGroup;
			children = (
				30C40D7126D371F500EC382E /* SearchableSpinner.app */,
				30C40D8726D371F600EC382E /* SearchableSpinnerTests.xctest */,
				30C40D9226D371F600EC382E /* SearchableSpinnerUITests.xctest */,
			);
			name = Products;
			sourceTree = "<group>";
		};
		30C40D7326D371F500EC382E /* SearchableSpinner */ = {
			isa = PBXGroup;
			children = (
				30C40D7426D371F500EC382E /* AppDelegate.swift */,
				30C40D7626D371F500EC382E /* SceneDelegate.swift */,
				30C40D7826D371F500EC382E /* ViewController.swift */,
				30C40D7A26D371F500EC382E /* Main.storyboard */,
				30C40D7D26D371F500EC382E /* Assets.xcassets */,
				30C40D7F26D371F500EC382E /* LaunchScreen.storyboard */,
				30C40D8226D371F600EC382E /* Info.plist */,
			);
			path = SearchableSpinner;
			sourceTree = "<group>";
		};
		30C40D8A26D371F600EC382E /* SearchableSpinnerTests */ = {
			isa = PBXGroup;
			children = (
				30C40D8B26D371F600EC382E /* SearchableSpinnerTests.swift */,
				30C40D8D26D371F600EC382E /* Info.plist */,
			);
			path = SearchableSpinnerTests;
			sourceTree = "<group>";
		};
		30C40D9526D371F600EC382E /* SearchableSpinnerUITests */ = {
			isa = PBXGroup;
			children = (
				30C40D9626D371F600EC382E /* SearchableSpinnerUITests.swift */,
				30C40D9826D371F600EC382E /* Info.plist */,
			);
			path = SearchableSpinnerUITests;
			sourceTree = "<group>";
		};
/* End PBXGroup section */

/* Begin PBXNativeTarget section */
		30C40D7026D371F500EC382E /* SearchableSpinner */ = {
			isa = PBXNativeTarget;
			buildConfigurationList = 30C40D9B26D371F600EC382E /* Build configuration list for PBXNativeTarget "SearchableSpinner" */;
			buildPhases = (
				30C40D6D26D371F500EC382E /* Sources */,
				30C40D6E26D371F500EC382E /* Frameworks */,
				30C40D6F26D371F500EC382E /* Resources */,
			);
			buildRules = (
			);
			dependencies = (
			);
			name = SearchableSpinner;
			productName = SearchableSpinner;
			productReference = 30C40D7126D371F500EC382E /* SearchableSpinner.app */;
			productType = "com.apple.product-type.application";
		};
		30C40D8626D371F600EC382E /* SearchableSpinnerTests */ = {
			isa = PBXNativeTarget;
			buildConfigurationList = 30C40D9E26D371F600EC382E /* Build configuration list for PBXNativeTarget "SearchableSpinnerTests" */;
			buildPhases = (
				30C40D8326D371F600EC382E /* Sources */,
				30C40D8426D371F600EC382E /* Frameworks */,
				30C40D8526D371F600EC382E /* Resources */,
			);
			buildRules = (
			);
			dependencies = (
				30C40D8926D371F600EC382E /* PBXTargetDependency */,
			);
			name = SearchableSpinnerTests;
			productName = SearchableSpinnerTests;
			productReference = 30C40D8726D371F600EC382E /* SearchableSpinnerTests.xctest */;
			productType = "com.apple.product-type.bundle.unit-test";
		};
		30C40D9126D371F600EC382E /* SearchableSpinnerUITests */ = {
			isa = PBXNativeTarget;
			buildConfigurationList = 30C40DA126D371F600EC382E /* Build configuration list for PBXNativeTarget "SearchableSpinnerUITests" */;
			buildPhases = (
				30C40D8E26D371F600EC382E /* Sources */,
				30C40D8F26D371F600EC382E /* Frameworks */,
				30C40D9026D371F600EC382E /* Resources */,
			);
			buildRules = (
			);
			dependencies = (
				30C40D9426D371F600EC382E /* PBXTargetDependency */,
			);
			name = SearchableSpinnerUITests;
			productName = SearchableSpinnerUITests;
			productReference = 30C40D9226D371F600EC382E /* SearchableSpinnerUITests.xctest */;
			productType = "com.apple.product-type.bundle.ui-testing";
		};
/* End PBXNativeTarget section */

/* Begin PBXProject section */
		30C40D6926D371F500EC382E /* Project object */ = {
			isa = PBXProject;
			attributes = {
				LastSwiftUpdateCheck = 1240;
				LastUpgradeCheck = 1240;
				TargetAttributes = {
					30C40D7026D371F500EC382E = {
						CreatedOnToolsVersion = 12.4;
					};
					30C40D8626D371F600EC382E = {
						CreatedOnToolsVersion = 12.4;
						TestTargetID = 30C40D7026D371F500EC382E;
					};
					30C40D9126D371F600EC382E = {
						CreatedOnToolsVersion = 12.4;
						TestTargetID = 30C40D7026D371F500EC382E;
					};
				};
			};
			buildConfigurationList = 30C40D6C26D371F500EC382E /* Build configuration list for PBXProject "SearchableSpinner" */;
			compatibilityVersion = "Xcode 9.3";
			developmentRegion = en;
			hasScannedForEncodings = 0;
			knownRegions = (
				en,
				Base,
			);
			mainGroup = 30C40D6826D371F500EC382E;
			productRefGroup = 30C40D7226D371F500EC382E /* Products */;
			projectDirPath = "";
			projectRoot = "";
			targets = (
				30C40D7026D371F500EC382E /* SearchableSpinner */,
				30C40D8626D371F600EC382E /* SearchableSpinnerTests */,
				30C40D9126D371F600EC382E /* SearchableSpinnerUITests */,
			);
		};
/* End PBXProject section */

/* Begin PBXResourcesBuildPhase section */
		30C40D6F26D371F500EC382E /* Resources */ = {
			isa = PBXResourcesBuildPhase;
			buildActionMask = 2147483647;
			files = (
				30C40D8126D371F500EC382E /* LaunchScreen.storyboard in Resources */,
				30C40D7E26D371F500EC382E /* Assets.xcassets in Resources */,
				30C40D7C26D371F500EC382E /* Main.storyboard in Resources */,
			);
			runOnlyForDeploymentPostprocessing = 0;
		};
		30C40D8526D371F600EC382E /* Resources */ = {
			isa = PBXResourcesBuildPhase;
			buildActionMask = 2147483647;
			files = (
			);
			runOnlyForDeploymentPostprocessing = 0;
		};
		30C40D9026D371F600EC382E /* Resources */ = {
			isa = PBXResourcesBuildPhase;
			buildActionMask = 2147483647;
			files = (
			);
			runOnlyForDeploymentPostprocessing = 0;
		};
/* End PBXResourcesBuildPhase section */

/* Begin PBXSourcesBuildPhase section */
		30C40D6D26D371F500EC382E /* Sources */ = {
			isa = PBXSourcesBuildPhase;
			buildActionMask = 2147483647;
			files = (
				30C40D7926D371F500EC382E /* ViewController.swift in Sources */,
				30C40D7526D371F500EC382E /* AppDelegate.swift in Sources */,
				30C40D7726D371F500EC382E /* SceneDelegate.swift in Sources */,
			);
			runOnlyForDeploymentPostprocessing = 0;
		};
		30C40D8326D371F600EC382E /* Sources */ = {
			isa = PBXSourcesBuildPhase;
			buildActionMask = 2147483647;
			files = (
				30C40D8C26D371F600EC382E /* SearchableSpinnerTests.swift in Sources */,
			);
			runOnlyForDeploymentPostprocessing = 0;
		};
		30C40D8E26D371F600EC382E /* Sources */ = {
			isa = PBXSourcesBuildPhase;
			buildActionMask = 2147483647;
			files = (
				30C40D9726D371F600EC382E /* SearchableSpinnerUITests.swift in Sources */,
			);
			runOnlyForDeploymentPostprocessing = 0;
		};
/* End PBXSourcesBuildPhase section */

/* Begin PBXTargetDependency section */
		30C40D8926D371F600EC382E /* PBXTargetDependency */ = {
			isa = PBXTargetDependency;
			target = 30C40D7026D371F500EC382E /* SearchableSpinner */;
			targetProxy = 30C40D8826D371F600EC382E /* PBXContainerItemProxy */;
		};
		30C40D9426D371F600EC382E /* PBXTargetDependency */ = {
			isa = PBXTargetDependency;
			target = 30C40D7026D371F500EC382E /* SearchableSpinner */;
			targetProxy = 30C40D9326D371F600EC382E /* PBXContainerItemProxy */;
		};
/* End PBXTargetDependency section */

/* Begin PBXVariantGroup section */
		30C40D7A26D371F500EC382E /* Main.storyboard */ = {
			isa = PBXVariantGroup;
			children = (
				30C40D7B26D371F500EC382E /* Base */,
			);
			name = Main.storyboard;
			sourceTree = "<group>";
		};
		30C40D7F26D371F500EC382E /* LaunchScreen.storyboard */ = {
			isa = PBXVariantGroup;
			children = (
				30C40D8026D371F500EC382E /* Base */,
			);
			name = LaunchScreen.storyboard;
			sourceTree = "<group>";
		};
/* End PBXVariantGroup section */

/* Begin XCBuildConfiguration section */
		30C40D9926D371F600EC382E /* Debug */ = {
			isa = XCBuildConfiguration;
			buildSettings = {
				ALWAYS_SEARCH_USER_PATHS = NO;
				CLANG_ANALYZER_NONNULL = YES;
				CLANG_ANALYZER_NUMBER_OBJECT_CONVERSION = YES_AGGRESSIVE;
				CLANG_CXX_LANGUAGE_STANDARD = "gnu++14";
				CLANG_CXX_LIBRARY = "libc++";
				CLANG_ENABLE_MODULES = YES;
				CLANG_ENABLE_OBJC_ARC = YES;
				CLANG_ENABLE_OBJC_WEAK = YES;
				CLANG_WARN_BLOCK_CAPTURE_AUTORELEASING = YES;
				CLANG_WARN_BOOL_CONVERSION = YES;
				CLANG_WARN_COMMA = YES;
				CLANG_WARN_CONSTANT_CONVERSION = YES;
				CLANG_WARN_DEPRECATED_OBJC_IMPLEMENTATIONS = YES;
				CLANG_WARN_DIRECT_OBJC_ISA_USAGE = YES_ERROR;
				CLANG_WARN_DOCUMENTATION_COMMENTS = YES;
				CLANG_WARN_EMPTY_BODY = YES;
				CLANG_WARN_ENUM_CONVERSION = YES;
				CLANG_WARN_INFINITE_RECURSION = YES;
				CLANG_WARN_INT_CONVERSION = YES;
				CLANG_WARN_NON_LITERAL_NULL_CONVERSION = YES;
				CLANG_WARN_OBJC_IMPLICIT_RETAIN_SELF = YES;
				CLANG_WARN_OBJC_LITERAL_CONVERSION = YES;
				CLANG_WARN_OBJC_ROOT_CLASS = YES_ERROR;
				CLANG_WARN_QUOTED_INCLUDE_IN_FRAMEWORK_HEADER = YES;
				CLANG_WARN_RANGE_LOOP_ANALYSIS = YES;
				CLANG_WARN_STRICT_PROTOTYPES = YES;
				CLANG_WARN_SUSPICIOUS_MOVE = YES;
				CLANG_WARN_UNGUARDED_AVAILABILITY = YES_AGGRESSIVE;
				CLANG_WARN_UNREACHABLE_CODE = YES;
				CLANG_WARN__DUPLICATE_METHOD_MATCH = YES;
				COPY_PHASE_STRIP = NO;
				DEBUG_INFORMATION_FORMAT = dwarf;
				ENABLE_STRICT_OBJC_MSGSEND = YES;
				ENABLE_TESTABILITY = YES;
				GCC_C_LANGUAGE_STANDARD = gnu11;
				GCC_DYNAMIC_NO_PIC = NO;
				GCC_NO_COMMON_BLOCKS = YES;
				GCC_OPTIMIZATION_LEVEL = 0;
				GCC_PREPROCESSOR_DEFINITIONS = (
					"DEBUG=1",
					"$(inherited)",
				);
				GCC_WARN_64_TO_32_BIT_CONVERSION = YES;
				GCC_WARN_ABOUT_RETURN_TYPE = YES_ERROR;
				GCC_WARN_UNDECLARED_SELECTOR = YES;
				GCC_WARN_UNINITIALIZED_AUTOS = YES_AGGRESSIVE;
				GCC_WARN_UNUSED_FUNCTION = YES;
				GCC_WARN_UNUSED_VARIABLE = YES;
				IPHONEOS_DEPLOYMENT_TARGET = 14.4;
				MTL_ENABLE_DEBUG_INFO = INCLUDE_SOURCE;
				MTL_FAST_MATH = YES;
				ONLY_ACTIVE_ARCH = YES;
				SDKROOT = iphoneos;
				SWIFT_ACTIVE_COMPILATION_CONDITIONS = DEBUG;
				SWIFT_OPTIMIZATION_LEVEL = "-Onone";
			};
			name = Debug;
		};
		30C40D9A26D371F600EC382E /* Release */ = {
			isa = XCBuildConfiguration;
			buildSettings = {
				ALWAYS_SEARCH_USER_PATHS = NO;
				CLANG_ANALYZER_NONNULL = YES;
				CLANG_ANALYZER_NUMBER_OBJECT_CONVERSION = YES_AGGRESSIVE;
				CLANG_CXX_LANGUAGE_STANDARD = "gnu++14";
				CLANG_CXX_LIBRARY = "libc++";
				CLANG_ENABLE_MODULES = YES;
				CLANG_ENABLE_OBJC_ARC = YES;
				CLANG_ENABLE_OBJC_WEAK = YES;
				CLANG_WARN_BLOCK_CAPTURE_AUTORELEASING = YES;
				CLANG_WARN_BOOL_CONVERSION = YES;
				CLANG_WARN_COMMA = YES;
				CLANG_WARN_CONSTANT_CONVERSION = YES;
				CLANG_WARN_DEPRECATED_OBJC_IMPLEMENTATIONS = YES;
				CLANG_WARN_DIRECT_OBJC_ISA_USAGE = YES_ERROR;
				CLANG_WARN_DOCUMENTATION_COMMENTS = YES;
				CLANG_WARN_EMPTY_BODY = YES;
				CLANG_WARN_ENUM_CONVERSION = YES;
				CLANG_WARN_INFINITE_RECURSION = YES;
				CLANG_WARN_INT_CONVERSION = YES;
				CLANG_WARN_NON_LITERAL_NULL_CONVERSION = YES;
				CLANG_WARN_OBJC_IMPLICIT_RETAIN_SELF = YES;
				CLANG_WARN_OBJC_LITERAL_CONVERSION = YES;
				CLANG_WARN_OBJC_ROOT_CLASS = YES_ERROR;
				CLANG_WARN_QUOTED_INCLUDE_IN_FRAMEWORK_HEADER = YES;
				CLANG_WARN_RANGE_LOOP_ANALYSIS = YES;
				CLANG_WARN_STRICT_PROTOTYPES = YES;
				CLANG_WARN_SUSPICIOUS_MOVE = YES;
				CLANG_WARN_UNGUARDED_AVAILABILITY = YES_AGGRESSIVE;
				CLANG_WARN_UNREACHABLE_CODE = YES;
				CLANG_WARN__DUPLICATE_METHOD_MATCH = YES;
				COPY_PHASE_STRIP = NO;
				DEBUG_INFORMATION_FORMAT = "dwarf-with-dsym";
				ENABLE_NS_ASSERTIONS = NO;
				ENABLE_STRICT_OBJC_MSGSEND = YES;
				GCC_C_LANGUAGE_STANDARD = gnu11;
				GCC_NO_COMMON_BLOCKS = YES;
				GCC_WARN_64_TO_32_BIT_CONVERSION = YES;
				GCC_WARN_ABOUT_RETURN_TYPE = YES_ERROR;
				GCC_WARN_UNDECLARED_SELECTOR = YES;
				GCC_WARN_UNINITIALIZED_AUTOS = YES_AGGRESSIVE;
				GCC_WARN_UNUSED_FUNCTION = YES;
				GCC_WARN_UNUSED_VARIABLE = YES;
				IPHONEOS_DEPLOYMENT_TARGET = 14.4;
				MTL_ENABLE_DEBUG_INFO = NO;
				MTL_FAST_MATH = YES;
				SDKROOT = iphoneos;
				SWIFT_COMPILATION_MODE = wholemodule;
				SWIFT_OPTIMIZATION_LEVEL = "-O";
				VALIDATE_PRODUCT = YES;
			};
			name = Release;
		};
		30C40D9C26D371F600EC382E /* Debug */ = {
			isa = XCBuildConfiguration;
			buildSettings = {
				ASSETCATALOG_COMPILER_APPICON_NAME = AppIcon;
				ASSETCATALOG_COMPILER_GLOBAL_ACCENT_COLOR_NAME = AccentColor;
				CODE_SIGN_STYLE = Automatic;
				INFOPLIST_FILE = SearchableSpinner/Info.plist;
				LD_RUNPATH_SEARCH_PATHS = (
					"$(inherited)",
					"@executable_path/Frameworks",
				);
				PRODUCT_BUNDLE_IDENTIFIER = romana.SearchableSpinner;
				PRODUCT_NAME = "$(TARGET_NAME)";
				SWIFT_VERSION = 5.0;
				TARGETED_DEVICE_FAMILY = "1,2";
			};
			name = Debug;
		};
		30C40D9D26D371F600EC382E /* Release */ = {
			isa = XCBuildConfiguration;
			buildSettings = {
				ASSETCATALOG_COMPILER_APPICON_NAME = AppIcon;
				ASSETCATALOG_COMPILER_GLOBAL_ACCENT_COLOR_NAME = AccentColor;
				CODE_SIGN_STYLE = Automatic;
				INFOPLIST_FILE = SearchableSpinner/Info.plist;
				LD_RUNPATH_SEARCH_PATHS = (
					"$(inherited)",
					"@executable_path/Frameworks",
				);
				PRODUCT_BUNDLE_IDENTIFIER = romana.SearchableSpinner;
				PRODUCT_NAME = "$(TARGET_NAME)";
				SWIFT_VERSION = 5.0;
				TARGETED_DEVICE_FAMILY = "1,2";
			};
			name = Release;
		};
		30C40D9F26D371F600EC382E /* Debug */ = {
			isa = XCBuildConfiguration;
			buildSettings = {
				ALWAYS_EMBED_SWIFT_STANDARD_LIBRARIES = YES;
				BUNDLE_LOADER = "$(TEST_HOST)";
				CODE_SIGN_STYLE = Automatic;
				INFOPLIST_FILE = SearchableSpinnerTests/Info.plist;
				IPHONEOS_DEPLOYMENT_TARGET = 14.4;
				LD_RUNPATH_SEARCH_PATHS = (
					"$(inherited)",
					"@executable_path/Frameworks",
					"@loader_path/Frameworks",
				);
				PRODUCT_BUNDLE_IDENTIFIER = romana.SearchableSpinnerTests;
				PRODUCT_NAME = "$(TARGET_NAME)";
				SWIFT_VERSION = 5.0;
				TARGETED_DEVICE_FAMILY = "1,2";
				TEST_HOST = "$(BUILT_PRODUCTS_DIR)/SearchableSpinner.app/SearchableSpinner";
			};
			name = Debug;
		};
		30C40DA026D371F600EC382E /* Release */ = {
			isa = XCBuildConfiguration;
			buildSettings = {
				ALWAYS_EMBED_SWIFT_STANDARD_LIBRARIES = YES;
				BUNDLE_LOADER = "$(TEST_HOST)";
				CODE_SIGN_STYLE = Automatic;
				INFOPLIST_FILE = SearchableSpinnerTests/Info.plist;
				IPHONEOS_DEPLOYMENT_TARGET = 14.4;
				LD_RUNPATH_SEARCH_PATHS = (
					"$(inherited)",
					"@executable_path/Frameworks",
					"@loader_path/Frameworks",
				);
				PRODUCT_BUNDLE_IDENTIFIER = romana.SearchableSpinnerTests;
				PRODUCT_NAME = "$(TARGET_NAME)";
				SWIFT_VERSION = 5.0;
				TARGETED_DEVICE_FAMILY = "1,2";
				TEST_HOST = "$(BUILT_PRODUCTS_DIR)/SearchableSpinner.app/SearchableSpinner";
			};
			name = Release;
		};
		30C40DA226D371F600EC382E /* Debug */ = {
			isa = XCBuildConfiguration;
			buildSettings = {
				ALWAYS_EMBED_SWIFT_STANDARD_LIBRARIES = YES;
				CODE_SIGN_STYLE = Automatic;
				INFOPLIST_FILE = SearchableSpinnerUITests/Info.plist;
				LD_RUNPATH_SEARCH_PATHS = (
					"$(inherited)",
					"@executable_path/Frameworks",
					"@loader_path/Frameworks",
				);
				PRODUCT_BUNDLE_IDENTIFIER = romana.SearchableSpinnerUITests;
				PRODUCT_NAME = "$(TARGET_NAME)";
				SWIFT_VERSION = 5.0;
				TARGETED_DEVICE_FAMILY = "1,2";
				TEST_TARGET_NAME = SearchableSpinner;
			};
			name = Debug;
		};
		30C40DA326D371F600EC382E /* Release */ = {
			isa = XCBuildConfiguration;
			buildSettings = {
				ALWAYS_EMBED_SWIFT_STANDARD_LIBRARIES = YES;
				CODE_SIGN_STYLE = Automatic;
				INFOPLIST_FILE = SearchableSpinnerUITests/Info.plist;
				LD_RUNPATH_SEARCH_PATHS = (
					"$(inherited)",
					"@executable_path/Frameworks",
					"@loader_path/Frameworks",
				);
				PRODUCT_BUNDLE_IDENTIFIER = romana.SearchableSpinnerUITests;
				PRODUCT_NAME = "$(TARGET_NAME)";
				SWIFT_VERSION = 5.0;
				TARGETED_DEVICE_FAMILY = "1,2";
				TEST_TARGET_NAME = SearchableSpinner;
			};
			name = Release;
		};
/* End XCBuildConfiguration section */

/* Begin XCConfigurationList section */
		30C40D6C26D371F500EC382E /* Build configuration list for PBXProject "SearchableSpinner" */ = {
			isa = XCConfigurationList;
			buildConfigurations = (
				30C40D9926D371F600EC382E /* Debug */,
				30C40D9A26D371F600EC382E /* Release */,
			);
			defaultConfigurationIsVisible = 0;
			defaultConfigurationName = Release;
		};
		30C40D9B26D371F600EC382E /* Build configuration list for PBXNativeTarget "SearchableSpinner" */ = {
			isa = XCConfigurationList;
			buildConfigurations = (
				30C40D9C26D371F600EC382E /* Debug */,
				30C40D9D26D371F600EC382E /* Release */,
			);
			defaultConfigurationIsVisible = 0;
			defaultConfigurationName = Release;
		};
		30C40D9E26D371F600EC382E /* Build configuration list for PBXNativeTarget "SearchableSpinnerTests" */ = {
			isa = XCConfigurationList;
			buildConfigurations = (
				30C40D9F26D371F600EC382E /* Debug */,
				30C40DA026D371F600EC382E /* Release */,
			);
			defaultConfigurationIsVisible = 0;
			defaultConfigurationName = Release;
		};
		30C40DA126D371F600EC382E /* Build configuration list for PBXNativeTarget "SearchableSpinnerUITests" */ = {
			isa = XCConfigurationList;
			buildConfigurations = (
				30C40DA226D371F600EC382E /* Debug */,
				30C40DA326D371F600EC382E /* Release */,
			);
			defaultConfigurationIsVisible = 0;
			defaultConfigurationName = Release;
		};
/* End XCConfigurationList section */
	};
	rootObject = 30C40D6926D371F500EC382E /* Project object */;
}
